
Microsoft Visual Studio Solution File, Format Version 12.00
# Visual Studio Version 17
VisualStudioVersion = 17.3.32819.101
MinimumVisualStudioVersion = 10.0.40219.1
Project("{FAE04EC0-301F-11D3-BF4B-00C04F79EFBC}") = "Hospital App", "Hospital App.csproj", "{05C5641A-C113-4546-BE9E-6519DF30276D}"
EndProject
Global
	GlobalSection(SolutionConfigurationPlatforms) = preSolution
		Debug|Any CPU = Debug|Any CPU
		Release|Any CPU = Release|Any CPU
	EndGlobalSection
	GlobalSection(ProjectConfigurationPlatforms) = postSolution
		{05C5641A-C113-4546-BE9E-6519DF30276D}.Debug|Any CPU.ActiveCfg = Debug|Any CPU
		{05C5641A-C113-4546-BE9E-6519DF30276D}.Debug|Any CPU.Build.0 = Debug|Any CPU
		{05C5641A-C113-4546-BE9E-6519DF30276D}.Release|Any CPU.ActiveCfg = Release|Any CPU
		{05C5641A-C113-4546-BE9E-6519DF30276D}.Release|Any CPU.Build.0 = Release|Any CPU
	EndGlobalSection
	GlobalSection(SolutionProperties) = preSolution
		HideSolutionNode = FALSE
	EndGlobalSection
	GlobalSection(ExtensibilityGlobals) = postSolution
		SolutionGuid = {82E47F5E-7202-4F0C-91C4-429B6A0ED37B}
	EndGlobalSection
EndGlobal
